
Microsoft Visual Studio Solution File, Format Version 12.00
# Visual Studio Version 16
VisualStudioVersion = 16.0.31624.102
MinimumVisualStudioVersion = 10.0.40219.1
Project("{FAE04EC0-301F-11D3-BF4B-00C04F79EFBC}") = "BlazorBattles.Server", "BlazorBattles\Server\BlazorBattles.Server.csproj", "{D8CEDCDA-0D18-4A06-A2E3-F8E1211082BB}"
EndProject
Project("{FAE04EC0-301F-11D3-BF4B-00C04F79EFBC}") = "BlazorBattles.Client", "BlazorBattles\Client\BlazorBattles.Client.csproj", "{75C8EAB2-3F8D-4343-B237-269DD21AF5F0}"
EndProject
Project("{FAE04EC0-301F-11D3-BF4B-00C04F79EFBC}") = "BlazorBattles.Shared", "BlazorBattles\Shared\BlazorBattles.Shared.csproj", "{4E892AC9-C8C7-4E82-8347-A1DC83CE42C2}"
EndProject
Global
	GlobalSection(SolutionConfigurationPlatforms) = preSolution
		Debug|Any CPU = Debug|Any CPU
		Release|Any CPU = Release|Any CPU
	EndGlobalSection
	GlobalSection(ProjectConfigurationPlatforms) = postSolution
		{D8CEDCDA-0D18-4A06-A2E3-F8E1211082BB}.Debug|Any CPU.ActiveCfg = Debug|Any CPU
		{D8CEDCDA-0D18-4A06-A2E3-F8E1211082BB}.Debug|Any CPU.Build.0 = Debug|Any CPU
		{D8CEDCDA-0D18-4A06-A2E3-F8E1211082BB}.Release|Any CPU.ActiveCfg = Release|Any CPU
		{D8CEDCDA-0D18-4A06-A2E3-F8E1211082BB}.Release|Any CPU.Build.0 = Release|Any CPU
		{75C8EAB2-3F8D-4343-B237-269DD21AF5F0}.Debug|Any CPU.ActiveCfg = Debug|Any CPU
		{75C8EAB2-3F8D-4343-B237-269DD21AF5F0}.Debug|Any CPU.Build.0 = Debug|Any CPU
		{75C8EAB2-3F8D-4343-B237-269DD21AF5F0}.Release|Any CPU.ActiveCfg = Release|Any CPU
		{75C8EAB2-3F8D-4343-B237-269DD21AF5F0}.Release|Any CPU.Build.0 = Release|Any CPU
		{4E892AC9-C8C7-4E82-8347-A1DC83CE42C2}.Debug|Any CPU.ActiveCfg = Debug|Any CPU
		{4E892AC9-C8C7-4E82-8347-A1DC83CE42C2}.Debug|Any CPU.Build.0 = Debug|Any CPU
		{4E892AC9-C8C7-4E82-8347-A1DC83CE42C2}.Release|Any CPU.ActiveCfg = Release|Any CPU
		{4E892AC9-C8C7-4E82-8347-A1DC83CE42C2}.Release|Any CPU.Build.0 = Release|Any CPU
	EndGlobalSection
	GlobalSection(SolutionProperties) = preSolution
		HideSolutionNode = FALSE
	EndGlobalSection
	GlobalSection(ExtensibilityGlobals) = postSolution
		SolutionGuid = {691AD562-6B0E-477F-A3A8-1AD64CB33645}
	EndGlobalSection
EndGlobal
